
Microsoft Visual Studio Solution File, Format Version 12.00
# Visual Studio Version 16
VisualStudioVersion = 16.0.31613.86
MinimumVisualStudioVersion = 10.0.40219.1
Project("{FAE04EC0-301F-11D3-BF4B-00C04F79EFBC}") = "MyBlog", "MyBlog\MyBlog.csproj", "{AC0CBD19-98FC-4866-B258-A820852506C2}"
EndProject
Global
	GlobalSection(SolutionConfigurationPlatforms) = preSolution
		Debug|Any CPU = Debug|Any CPU
		Release|Any CPU = Release|Any CPU
	EndGlobalSection
	GlobalSection(ProjectConfigurationPlatforms) = postSolution
		{AC0CBD19-98FC-4866-B258-A820852506C2}.Debug|Any CPU.ActiveCfg = Debug|Any CPU
		{AC0CBD19-98FC-4866-B258-A820852506C2}.Debug|Any CPU.Build.0 = Debug|Any CPU
		{AC0CBD19-98FC-4866-B258-A820852506C2}.Release|Any CPU.ActiveCfg = Release|Any CPU
		{AC0CBD19-98FC-4866-B258-A820852506C2}.Release|Any CPU.Build.0 = Release|Any CPU
	EndGlobalSection
	GlobalSection(SolutionProperties) = preSolution
		HideSolutionNode = FALSE
	EndGlobalSection
	GlobalSection(ExtensibilityGlobals) = postSolution
		SolutionGuid = {39667FCE-FDAC-483A-B1A7-4730A044F0D1}
	EndGlobalSection
EndGlobal
